
Microsoft Visual Studio Solution File, Format Version 12.00
# Visual Studio 14
VisualStudioVersion = 14.0.23107.0
MinimumVisualStudioVersion = 10.0.40219.1
Project("{FAE04EC0-301F-11D3-BF4B-00C04F79EFBC}") = "Programming", "OperatorsExpressionsAndStatements\Programming.csproj", "{9AA42E89-C820-4C0F-96C7-2A197A8F2F83}"
EndProject
Project("{FAE04EC0-301F-11D3-BF4B-00C04F79EFBC}") = "NumberReading", "NumberReading\NumberReading.csproj", "{BB02F624-9600-422B-A5B3-5207AB3ADCDB}"
EndProject
Project("{FAE04EC0-301F-11D3-BF4B-00C04F79EFBC}") = "Calculating", "Calculating\Calculating.csproj", "{C7D3B4F5-83EF-4F02-8359-D0C08CD2AB47}"
EndProject
Global
	GlobalSection(SolutionConfigurationPlatforms) = preSolution
		Debug|Any CPU = Debug|Any CPU
		Release|Any CPU = Release|Any CPU
	EndGlobalSection
	GlobalSection(ProjectConfigurationPlatforms) = postSolution
		{9AA42E89-C820-4C0F-96C7-2A197A8F2F83}.Debug|Any CPU.ActiveCfg = Debug|Any CPU
		{9AA42E89-C820-4C0F-96C7-2A197A8F2F83}.Debug|Any CPU.Build.0 = Debug|Any CPU
		{9AA42E89-C820-4C0F-96C7-2A197A8F2F83}.Release|Any CPU.ActiveCfg = Release|Any CPU
		{9AA42E89-C820-4C0F-96C7-2A197A8F2F83}.Release|Any CPU.Build.0 = Release|Any CPU
		{BB02F624-9600-422B-A5B3-5207AB3ADCDB}.Debug|Any CPU.ActiveCfg = Debug|Any CPU
		{BB02F624-9600-422B-A5B3-5207AB3ADCDB}.Debug|Any CPU.Build.0 = Debug|Any CPU
		{BB02F624-9600-422B-A5B3-5207AB3ADCDB}.Release|Any CPU.ActiveCfg = Release|Any CPU
		{BB02F624-9600-422B-A5B3-5207AB3ADCDB}.Release|Any CPU.Build.0 = Release|Any CPU
		{C7D3B4F5-83EF-4F02-8359-D0C08CD2AB47}.Debug|Any CPU.ActiveCfg = Debug|Any CPU
		{C7D3B4F5-83EF-4F02-8359-D0C08CD2AB47}.Debug|Any CPU.Build.0 = Debug|Any CPU
		{C7D3B4F5-83EF-4F02-8359-D0C08CD2AB47}.Release|Any CPU.ActiveCfg = Release|Any CPU
		{C7D3B4F5-83EF-4F02-8359-D0C08CD2AB47}.Release|Any CPU.Build.0 = Release|Any CPU
	EndGlobalSection
	GlobalSection(SolutionProperties) = preSolution
		HideSolutionNode = FALSE
	EndGlobalSection
EndGlobal
