
Microsoft Visual Studio Solution File, Format Version 12.00
# Visual Studio 14
VisualStudioVersion = 14.0.23107.0
MinimumVisualStudioVersion = 10.0.40219.1
Project("{FAE04EC0-301F-11D3-BF4B-00C04F79EFBC}") = "OperatorsAndExpressions", "OperatorsAndExpressions\OperatorsAndExpressions.csproj", "{915F4C5C-E54C-41CA-B394-E2E4D3E24E43}"
EndProject
Project("{FAE04EC0-301F-11D3-BF4B-00C04F79EFBC}") = "MovieBit", "MovieBit\MovieBit.csproj", "{63252C40-EDD0-4D81-B45A-9CF85FAF7224}"
EndProject
Global
	GlobalSection(SolutionConfigurationPlatforms) = preSolution
		Debug|Any CPU = Debug|Any CPU
		Release|Any CPU = Release|Any CPU
	EndGlobalSection
	GlobalSection(ProjectConfigurationPlatforms) = postSolution
		{915F4C5C-E54C-41CA-B394-E2E4D3E24E43}.Debug|Any CPU.ActiveCfg = Debug|Any CPU
		{915F4C5C-E54C-41CA-B394-E2E4D3E24E43}.Debug|Any CPU.Build.0 = Debug|Any CPU
		{915F4C5C-E54C-41CA-B394-E2E4D3E24E43}.Release|Any CPU.ActiveCfg = Release|Any CPU
		{915F4C5C-E54C-41CA-B394-E2E4D3E24E43}.Release|Any CPU.Build.0 = Release|Any CPU
		{63252C40-EDD0-4D81-B45A-9CF85FAF7224}.Debug|Any CPU.ActiveCfg = Debug|Any CPU
		{63252C40-EDD0-4D81-B45A-9CF85FAF7224}.Debug|Any CPU.Build.0 = Debug|Any CPU
		{63252C40-EDD0-4D81-B45A-9CF85FAF7224}.Release|Any CPU.ActiveCfg = Release|Any CPU
		{63252C40-EDD0-4D81-B45A-9CF85FAF7224}.Release|Any CPU.Build.0 = Release|Any CPU
	EndGlobalSection
	GlobalSection(SolutionProperties) = preSolution
		HideSolutionNode = FALSE
	EndGlobalSection
EndGlobal
